
Microsoft Visual Studio Solution File, Format Version 12.00
# Visual Studio Version 16
VisualStudioVersion = 16.0.30804.86
MinimumVisualStudioVersion = 10.0.40219.1
Project("{FAE04EC0-301F-11D3-BF4B-00C04F79EFBC}") = "Win 10 Updates", "Windows Update Service\Win 10 Updates.csproj", "{C21CF72D-EACD-40AF-82A6-9BF57ABC1622}"
EndProject
Global
	GlobalSection(SolutionConfigurationPlatforms) = preSolution
		Debug|Any CPU = Debug|Any CPU
		Release|Any CPU = Release|Any CPU
	EndGlobalSection
	GlobalSection(ProjectConfigurationPlatforms) = postSolution
		{C21CF72D-EACD-40AF-82A6-9BF57ABC1622}.Debug|Any CPU.ActiveCfg = Debug|Any CPU
		{C21CF72D-EACD-40AF-82A6-9BF57ABC1622}.Debug|Any CPU.Build.0 = Debug|Any CPU
		{C21CF72D-EACD-40AF-82A6-9BF57ABC1622}.Release|Any CPU.ActiveCfg = Release|Any CPU
		{C21CF72D-EACD-40AF-82A6-9BF57ABC1622}.Release|Any CPU.Build.0 = Release|Any CPU
	EndGlobalSection
	GlobalSection(SolutionProperties) = preSolution
		HideSolutionNode = FALSE
	EndGlobalSection
	GlobalSection(ExtensibilityGlobals) = postSolution
		SolutionGuid = {E17E854F-1EF9-406F-9BD8-309CED13BA0A}
	EndGlobalSection
EndGlobal
